
Microsoft Visual Studio Solution File, Format Version 12.00
# Visual Studio 14
VisualStudioVersion = 14.0.25420.1
MinimumVisualStudioVersion = 10.0.40219.1
Project("{2150E333-8FDC-42A3-9474-1A3956D46DE8}") = "src", "src", "{04CC4941-531C-4B76-8127-72E1273E5BD3}"
EndProject
Project("{2150E333-8FDC-42A3-9474-1A3956D46DE8}") = "Solution Items", "Solution Items", "{68F6D0F0-4F57-41F3-9678-255891732389}"
	ProjectSection(SolutionItems) = preProject
		global.json = global.json
	EndProjectSection
EndProject
Project("{8BB2217D-0F2D-49D1-97BC-3654ED321F3B}") = "dBlog", "src\dBlog\dBlog.xproj", "{A94C3EFF-C169-4512-845C-8F9DA6052722}"
EndProject
Global
	GlobalSection(SolutionConfigurationPlatforms) = preSolution
		Debug|Any CPU = Debug|Any CPU
		Release|Any CPU = Release|Any CPU
	EndGlobalSection
	GlobalSection(ProjectConfigurationPlatforms) = postSolution
		{A94C3EFF-C169-4512-845C-8F9DA6052722}.Debug|Any CPU.ActiveCfg = Debug|Any CPU
		{A94C3EFF-C169-4512-845C-8F9DA6052722}.Debug|Any CPU.Build.0 = Debug|Any CPU
		{A94C3EFF-C169-4512-845C-8F9DA6052722}.Release|Any CPU.ActiveCfg = Release|Any CPU
		{A94C3EFF-C169-4512-845C-8F9DA6052722}.Release|Any CPU.Build.0 = Release|Any CPU
	EndGlobalSection
	GlobalSection(SolutionProperties) = preSolution
		HideSolutionNode = FALSE
	EndGlobalSection
	GlobalSection(NestedProjects) = preSolution
		{A94C3EFF-C169-4512-845C-8F9DA6052722} = {04CC4941-531C-4B76-8127-72E1273E5BD3}
	EndGlobalSection
EndGlobal
